// !$*UTF8*$!
{
	archiveVersion = 1;
	classes = {
	};
	objectVersion = 60;
	objects = {

/* Begin PBXBuildFile section */
		CA4D11FF2BBF377600D81B7A /* FavoriteView.swift in Sources */ = {isa = PBXBuildFile; fileRef = CA4D11FE2BBF377600D81B7A /* FavoriteView.swift */; };
		CA4D12012BBF37CB00D81B7A /* FavoritePresenter.swift in Sources */ = {isa = PBXBuildFile; fileRef = CA4D12002BBF37CB00D81B7A /* FavoritePresenter.swift */; };
		CA4D12042BBF57EE00D81B7A /* ProfileIView.swift in Sources */ = {isa = PBXBuildFile; fileRef = CA4D12032BBF57EE00D81B7A /* ProfileIView.swift */; };
		CA7760942BBCBB2900D366D2 /* HomePresenter.swift in Sources */ = {isa = PBXBuildFile; fileRef = CA7760932BBCBB2900D366D2 /* HomePresenter.swift */; };
		CA7760962BBCBB5D00D366D2 /* HomeRouter.swift in Sources */ = {isa = PBXBuildFile; fileRef = CA7760952BBCBB5D00D366D2 /* HomeRouter.swift */; };
		CA7760982BBCBCA100D366D2 /* HomeView.swift in Sources */ = {isa = PBXBuildFile; fileRef = CA7760972BBCBCA100D366D2 /* HomeView.swift */; };
		CA8322142BBDD4C60069A91A /* ItemGameView.swift in Sources */ = {isa = PBXBuildFile; fileRef = CA8322132BBDD4C60069A91A /* ItemGameView.swift */; };
		CA8322202BBDFAC80069A91A /* DetailPresenter.swift in Sources */ = {isa = PBXBuildFile; fileRef = CA83221F2BBDFAC80069A91A /* DetailPresenter.swift */; };
		CA8322222BBDFE420069A91A /* DetailView.swift in Sources */ = {isa = PBXBuildFile; fileRef = CA8322212BBDFE420069A91A /* DetailView.swift */; };
		CA9980862BC7A429009CEECC /* Realm in Frameworks */ = {isa = PBXBuildFile; productRef = CA9980852BC7A429009CEECC /* Realm */; };
		CA9980882BC7A429009CEECC /* RealmSwift in Frameworks */ = {isa = PBXBuildFile; productRef = CA9980872BC7A429009CEECC /* RealmSwift */; };
		CA99808B2BC7A441009CEECC /* Alamofire in Frameworks */ = {isa = PBXBuildFile; productRef = CA99808A2BC7A441009CEECC /* Alamofire */; };
		CA99808D2BC7A441009CEECC /* AlamofireDynamic in Frameworks */ = {isa = PBXBuildFile; productRef = CA99808C2BC7A441009CEECC /* AlamofireDynamic */; };
		CAA678192BC8B68500290CFC /* Core in Frameworks */ = {isa = PBXBuildFile; productRef = CAA678182BC8B68500290CFC /* Core */; };
		CAAD8A182BB9E43D00096639 /* GameCatalogue2App.swift in Sources */ = {isa = PBXBuildFile; fileRef = CAAD8A172BB9E43D00096639 /* GameCatalogue2App.swift */; };
		CAAD8A1A2BB9E43D00096639 /* ContentView.swift in Sources */ = {isa = PBXBuildFile; fileRef = CAAD8A192BB9E43D00096639 /* ContentView.swift */; };
		CAAD8A1C2BB9E43F00096639 /* Assets.xcassets in Resources */ = {isa = PBXBuildFile; fileRef = CAAD8A1B2BB9E43F00096639 /* Assets.xcassets */; };
		CAAD8A1F2BB9E43F00096639 /* Preview Assets.xcassets in Resources */ = {isa = PBXBuildFile; fileRef = CAAD8A1E2BB9E43F00096639 /* Preview Assets.xcassets */; };
/* End PBXBuildFile section */

/* Begin PBXFileReference section */
		CA4D11FE2BBF377600D81B7A /* FavoriteView.swift */ = {isa = PBXFileReference; lastKnownFileType = sourcecode.swift; path = FavoriteView.swift; sourceTree = "<group>"; };
		CA4D12002BBF37CB00D81B7A /* FavoritePresenter.swift */ = {isa = PBXFileReference; lastKnownFileType = sourcecode.swift; path = FavoritePresenter.swift; sourceTree = "<group>"; };
		CA4D12032BBF57EE00D81B7A /* ProfileIView.swift */ = {isa = PBXFileReference; lastKnownFileType = sourcecode.swift; path = ProfileIView.swift; sourceTree = "<group>"; };
		CA7760932BBCBB2900D366D2 /* HomePresenter.swift */ = {isa = PBXFileReference; lastKnownFileType = sourcecode.swift; path = HomePresenter.swift; sourceTree = "<group>"; };
		CA7760952BBCBB5D00D366D2 /* HomeRouter.swift */ = {isa = PBXFileReference; lastKnownFileType = sourcecode.swift; path = HomeRouter.swift; sourceTree = "<group>"; };
		CA7760972BBCBCA100D366D2 /* HomeView.swift */ = {isa = PBXFileReference; lastKnownFileType = sourcecode.swift; path = HomeView.swift; sourceTree = "<group>"; };
		CA8322132BBDD4C60069A91A /* ItemGameView.swift */ = {isa = PBXFileReference; lastKnownFileType = sourcecode.swift; path = ItemGameView.swift; sourceTree = "<group>"; };
		CA83221F2BBDFAC80069A91A /* DetailPresenter.swift */ = {isa = PBXFileReference; lastKnownFileType = sourcecode.swift; path = DetailPresenter.swift; sourceTree = "<group>"; };
		CA8322212BBDFE420069A91A /* DetailView.swift */ = {isa = PBXFileReference; lastKnownFileType = sourcecode.swift; path = DetailView.swift; sourceTree = "<group>"; };
		CAAD8A142BB9E43D00096639 /* GameCatalogue2.app */ = {isa = PBXFileReference; explicitFileType = wrapper.application; includeInIndex = 0; path = GameCatalogue2.app; sourceTree = BUILT_PRODUCTS_DIR; };
		CAAD8A172BB9E43D00096639 /* GameCatalogue2App.swift */ = {isa = PBXFileReference; lastKnownFileType = sourcecode.swift; path = GameCatalogue2App.swift; sourceTree = "<group>"; };
		CAAD8A192BB9E43D00096639 /* ContentView.swift */ = {isa = PBXFileReference; lastKnownFileType = sourcecode.swift; path = ContentView.swift; sourceTree = "<group>"; };
		CAAD8A1B2BB9E43F00096639 /* Assets.xcassets */ = {isa = PBXFileReference; lastKnownFileType = folder.assetcatalog; path = Assets.xcassets; sourceTree = "<group>"; };
		CAAD8A1E2BB9E43F00096639 /* Preview Assets.xcassets */ = {isa = PBXFileReference; lastKnownFileType = folder.assetcatalog; path = "Preview Assets.xcassets"; sourceTree = "<group>"; };
/* End PBXFileReference section */

/* Begin PBXFrameworksBuildPhase section */
		CAAD8A112BB9E43D00096639 /* Frameworks */ = {
			isa = PBXFrameworksBuildPhase;
			buildActionMask = 2147483647;
			files = (
				CA99808B2BC7A441009CEECC /* Alamofire in Frameworks */,
				CA99808D2BC7A441009CEECC /* AlamofireDynamic in Frameworks */,
				CA9980882BC7A429009CEECC /* RealmSwift in Frameworks */,
				CAA678192BC8B68500290CFC /* Core in Frameworks */,
				CA9980862BC7A429009CEECC /* Realm in Frameworks */,
			);
			runOnlyForDeploymentPostprocessing = 0;
		};
/* End PBXFrameworksBuildPhase section */

/* Begin PBXGroup section */
		CA4D11FD2BBF375B00D81B7A /* Favorite */ = {
			isa = PBXGroup;
			children = (
				CA4D11FE2BBF377600D81B7A /* FavoriteView.swift */,
				CA4D12002BBF37CB00D81B7A /* FavoritePresenter.swift */,
			);
			path = Favorite;
			sourceTree = "<group>";
		};
		CA4D12022BBF57B700D81B7A /* Profile */ = {
			isa = PBXGroup;
			children = (
				CA4D12032BBF57EE00D81B7A /* ProfileIView.swift */,
			);
			path = Profile;
			sourceTree = "<group>";
		};
		CA77608F2BBCB62200D366D2 /* Module */ = {
			isa = PBXGroup;
			children = (
				CA4D12022BBF57B700D81B7A /* Profile */,
				CA4D11FD2BBF375B00D81B7A /* Favorite */,
				CA83221E2BBDFAA10069A91A /* Detail */,
				CA7760902BBCB62C00D366D2 /* Home */,
			);
			path = Module;
			sourceTree = "<group>";
		};
		CA7760902BBCB62C00D366D2 /* Home */ = {
			isa = PBXGroup;
			children = (
				CA7760932BBCBB2900D366D2 /* HomePresenter.swift */,
				CA7760952BBCBB5D00D366D2 /* HomeRouter.swift */,
				CA7760972BBCBCA100D366D2 /* HomeView.swift */,
				CA8322132BBDD4C60069A91A /* ItemGameView.swift */,
			);
			path = Home;
			sourceTree = "<group>";
		};
		CA83221E2BBDFAA10069A91A /* Detail */ = {
			isa = PBXGroup;
			children = (
				CA83221F2BBDFAC80069A91A /* DetailPresenter.swift */,
				CA8322212BBDFE420069A91A /* DetailView.swift */,
			);
			path = Detail;
			sourceTree = "<group>";
		};
		CAAD8A0B2BB9E43D00096639 = {
			isa = PBXGroup;
			children = (
				CAAD8A162BB9E43D00096639 /* GameCatalogue2 */,
				CAAD8A152BB9E43D00096639 /* Products */,
			);
			sourceTree = "<group>";
		};
		CAAD8A152BB9E43D00096639 /* Products */ = {
			isa = PBXGroup;
			children = (
				CAAD8A142BB9E43D00096639 /* GameCatalogue2.app */,
			);
			name = Products;
			sourceTree = "<group>";
		};
		CAAD8A162BB9E43D00096639 /* GameCatalogue2 */ = {
			isa = PBXGroup;
			children = (
				CA77608F2BBCB62200D366D2 /* Module */,
				CAAD8A252BB9E44600096639 /* Core */,
				CAAD8A172BB9E43D00096639 /* GameCatalogue2App.swift */,
				CAAD8A192BB9E43D00096639 /* ContentView.swift */,
				CAAD8A1B2BB9E43F00096639 /* Assets.xcassets */,
				CAAD8A1D2BB9E43F00096639 /* Preview Content */,
			);
			path = GameCatalogue2;
			sourceTree = "<group>";
		};
		CAAD8A1D2BB9E43F00096639 /* Preview Content */ = {
			isa = PBXGroup;
			children = (
				CAAD8A1E2BB9E43F00096639 /* Preview Assets.xcassets */,
			);
			path = "Preview Content";
			sourceTree = "<group>";
		};
		CAAD8A252BB9E44600096639 /* Core */ = {
			isa = PBXGroup;
			children = (
			);
			path = Core;
			sourceTree = "<group>";
		};
/* End PBXGroup section */

/* Begin PBXNativeTarget section */
		CAAD8A132BB9E43D00096639 /* GameCatalogue2 */ = {
			isa = PBXNativeTarget;
			buildConfigurationList = CAAD8A222BB9E43F00096639 /* Build configuration list for PBXNativeTarget "GameCatalogue2" */;
			buildPhases = (
				CAAD8A102BB9E43D00096639 /* Sources */,
				CAAD8A112BB9E43D00096639 /* Frameworks */,
				CAAD8A122BB9E43D00096639 /* Resources */,
			);
			buildRules = (
			);
			dependencies = (
			);
			name = GameCatalogue2;
			packageProductDependencies = (
				CA9980852BC7A429009CEECC /* Realm */,
				CA9980872BC7A429009CEECC /* RealmSwift */,
				CA99808A2BC7A441009CEECC /* Alamofire */,
				CA99808C2BC7A441009CEECC /* AlamofireDynamic */,
				CAA678182BC8B68500290CFC /* Core */,
			);
			productName = GameCatalogue2;
			productReference = CAAD8A142BB9E43D00096639 /* GameCatalogue2.app */;
			productType = "com.apple.product-type.application";
		};
/* End PBXNativeTarget section */

/* Begin PBXProject section */
		CAAD8A0C2BB9E43D00096639 /* Project object */ = {
			isa = PBXProject;
			attributes = {
				BuildIndependentTargetsInParallel = 1;
				LastSwiftUpdateCheck = 1530;
				LastUpgradeCheck = 1530;
				TargetAttributes = {
					CAAD8A132BB9E43D00096639 = {
						CreatedOnToolsVersion = 15.3;
					};
				};
			};
			buildConfigurationList = CAAD8A0F2BB9E43D00096639 /* Build configuration list for PBXProject "GameCatalogue2" */;
			compatibilityVersion = "Xcode 14.0";
			developmentRegion = en;
			hasScannedForEncodings = 0;
			knownRegions = (
				en,
				Base,
			);
			mainGroup = CAAD8A0B2BB9E43D00096639;
			packageReferences = (
				CA9980842BC7A429009CEECC /* XCRemoteSwiftPackageReference "realm-swift" */,
				CA9980892BC7A441009CEECC /* XCRemoteSwiftPackageReference "Alamofire" */,
				CAA678172BC8B68500290CFC /* XCLocalSwiftPackageReference "Core" */,
			);
			productRefGroup = CAAD8A152BB9E43D00096639 /* Products */;
			projectDirPath = "";
			projectRoot = "";
			targets = (
				CAAD8A132BB9E43D00096639 /* GameCatalogue2 */,
			);
		};
/* End PBXProject section */

/* Begin PBXResourcesBuildPhase section */
		CAAD8A122BB9E43D00096639 /* Resources */ = {
			isa = PBXResourcesBuildPhase;
			buildActionMask = 2147483647;
			files = (
				CAAD8A1F2BB9E43F00096639 /* Preview Assets.xcassets in Resources */,
				CAAD8A1C2BB9E43F00096639 /* Assets.xcassets in Resources */,
			);
			runOnlyForDeploymentPostprocessing = 0;
		};
/* End PBXResourcesBuildPhase section */

/* Begin PBXSourcesBuildPhase section */
		CAAD8A102BB9E43D00096639 /* Sources */ = {
			isa = PBXSourcesBuildPhase;
			buildActionMask = 2147483647;
			files = (
				CAAD8A1A2BB9E43D00096639 /* ContentView.swift in Sources */,
				CA7760962BBCBB5D00D366D2 /* HomeRouter.swift in Sources */,
				CA7760942BBCBB2900D366D2 /* HomePresenter.swift in Sources */,
				CA4D12042BBF57EE00D81B7A /* ProfileIView.swift in Sources */,
				CA4D11FF2BBF377600D81B7A /* FavoriteView.swift in Sources */,
				CA8322202BBDFAC80069A91A /* DetailPresenter.swift in Sources */,
				CA8322222BBDFE420069A91A /* DetailView.swift in Sources */,
				CA8322142BBDD4C60069A91A /* ItemGameView.swift in Sources */,
				CA4D12012BBF37CB00D81B7A /* FavoritePresenter.swift in Sources */,
				CA7760982BBCBCA100D366D2 /* HomeView.swift in Sources */,
				CAAD8A182BB9E43D00096639 /* GameCatalogue2App.swift in Sources */,
			);
			runOnlyForDeploymentPostprocessing = 0;
		};
/* End PBXSourcesBuildPhase section */

/* Begin XCBuildConfiguration section */
		CAAD8A202BB9E43F00096639 /* Debug */ = {
			isa = XCBuildConfiguration;
			buildSettings = {
				ALWAYS_SEARCH_USER_PATHS = NO;
				ASSETCATALOG_COMPILER_GENERATE_SWIFT_ASSET_SYMBOL_EXTENSIONS = YES;
				CLANG_ANALYZER_NONNULL = YES;
				CLANG_ANALYZER_NUMBER_OBJECT_CONVERSION = YES_AGGRESSIVE;
				CLANG_CXX_LANGUAGE_STANDARD = "gnu++20";
				CLANG_ENABLE_MODULES = YES;
				CLANG_ENABLE_OBJC_ARC = YES;
				CLANG_ENABLE_OBJC_WEAK = YES;
				CLANG_WARN_BLOCK_CAPTURE_AUTORELEASING = YES;
				CLANG_WARN_BOOL_CONVERSION = YES;
				CLANG_WARN_COMMA = YES;
				CLANG_WARN_CONSTANT_CONVERSION = YES;
				CLANG_WARN_DEPRECATED_OBJC_IMPLEMENTATIONS = YES;
				CLANG_WARN_DIRECT_OBJC_ISA_USAGE = YES_ERROR;
				CLANG_WARN_DOCUMENTATION_COMMENTS = YES;
				CLANG_WARN_EMPTY_BODY = YES;
				CLANG_WARN_ENUM_CONVERSION = YES;
				CLANG_WARN_INFINITE_RECURSION = YES;
				CLANG_WARN_INT_CONVERSION = YES;
				CLANG_WARN_NON_LITERAL_NULL_CONVERSION = YES;
				CLANG_WARN_OBJC_IMPLICIT_RETAIN_SELF = YES;
				CLANG_WARN_OBJC_LITERAL_CONVERSION = YES;
				CLANG_WARN_OBJC_ROOT_CLASS = YES_ERROR;
				CLANG_WARN_QUOTED_INCLUDE_IN_FRAMEWORK_HEADER = YES;
				CLANG_WARN_RANGE_LOOP_ANALYSIS = YES;
				CLANG_WARN_STRICT_PROTOTYPES = YES;
				CLANG_WARN_SUSPICIOUS_MOVE = YES;
				CLANG_WARN_UNGUARDED_AVAILABILITY = YES_AGGRESSIVE;
				CLANG_WARN_UNREACHABLE_CODE = YES;
				CLANG_WARN__DUPLICATE_METHOD_MATCH = YES;
				COPY_PHASE_STRIP = NO;
				DEBUG_INFORMATION_FORMAT = dwarf;
				ENABLE_STRICT_OBJC_MSGSEND = YES;
				ENABLE_TESTABILITY = YES;
				ENABLE_USER_SCRIPT_SANDBOXING = YES;
				GCC_C_LANGUAGE_STANDARD = gnu17;
				GCC_DYNAMIC_NO_PIC = NO;
				GCC_NO_COMMON_BLOCKS = YES;
				GCC_OPTIMIZATION_LEVEL = 0;
				GCC_PREPROCESSOR_DEFINITIONS = (
					"DEBUG=1",
					"$(inherited)",
				);
				GCC_WARN_64_TO_32_BIT_CONVERSION = YES;
				GCC_WARN_ABOUT_RETURN_TYPE = YES_ERROR;
				GCC_WARN_UNDECLARED_SELECTOR = YES;
				GCC_WARN_UNINITIALIZED_AUTOS = YES_AGGRESSIVE;
				GCC_WARN_UNUSED_FUNCTION = YES;
				GCC_WARN_UNUSED_VARIABLE = YES;
				IPHONEOS_DEPLOYMENT_TARGET = 17.4;
				LOCALIZATION_PREFERS_STRING_CATALOGS = YES;
				MTL_ENABLE_DEBUG_INFO = INCLUDE_SOURCE;
				MTL_FAST_MATH = YES;
				ONLY_ACTIVE_ARCH = YES;
				SDKROOT = iphoneos;
				SWIFT_ACTIVE_COMPILATION_CONDITIONS = "DEBUG $(inherited)";
				SWIFT_OPTIMIZATION_LEVEL = "-Onone";
			};
			name = Debug;
		};
		CAAD8A212BB9E43F00096639 /* Release */ = {
			isa = XCBuildConfiguration;
			buildSettings = {
				ALWAYS_SEARCH_USER_PATHS = NO;
				ASSETCATALOG_COMPILER_GENERATE_SWIFT_ASSET_SYMBOL_EXTENSIONS = YES;
				CLANG_ANALYZER_NONNULL = YES;
				CLANG_ANALYZER_NUMBER_OBJECT_CONVERSION = YES_AGGRESSIVE;
				CLANG_CXX_LANGUAGE_STANDARD = "gnu++20";
				CLANG_ENABLE_MODULES = YES;
				CLANG_ENABLE_OBJC_ARC = YES;
				CLANG_ENABLE_OBJC_WEAK = YES;
				CLANG_WARN_BLOCK_CAPTURE_AUTORELEASING = YES;
				CLANG_WARN_BOOL_CONVERSION = YES;
				CLANG_WARN_COMMA = YES;
				CLANG_WARN_CONSTANT_CONVERSION = YES;
				CLANG_WARN_DEPRECATED_OBJC_IMPLEMENTATIONS = YES;
				CLANG_WARN_DIRECT_OBJC_ISA_USAGE = YES_ERROR;
				CLANG_WARN_DOCUMENTATION_COMMENTS = YES;
				CLANG_WARN_EMPTY_BODY = YES;
				CLANG_WARN_ENUM_CONVERSION = YES;
				CLANG_WARN_INFINITE_RECURSION = YES;
				CLANG_WARN_INT_CONVERSION = YES;
				CLANG_WARN_NON_LITERAL_NULL_CONVERSION = YES;
				CLANG_WARN_OBJC_IMPLICIT_RETAIN_SELF = YES;
				CLANG_WARN_OBJC_LITERAL_CONVERSION = YES;
				CLANG_WARN_OBJC_ROOT_CLASS = YES_ERROR;
				CLANG_WARN_QUOTED_INCLUDE_IN_FRAMEWORK_HEADER = YES;
				CLANG_WARN_RANGE_LOOP_ANALYSIS = YES;
				CLANG_WARN_STRICT_PROTOTYPES = YES;
				CLANG_WARN_SUSPICIOUS_MOVE = YES;
				CLANG_WARN_UNGUARDED_AVAILABILITY = YES_AGGRESSIVE;
				CLANG_WARN_UNREACHABLE_CODE = YES;
				CLANG_WARN__DUPLICATE_METHOD_MATCH = YES;
				COPY_PHASE_STRIP = NO;
				DEBUG_INFORMATION_FORMAT = "dwarf-with-dsym";
				ENABLE_NS_ASSERTIONS = NO;
				ENABLE_STRICT_OBJC_MSGSEND = YES;
				ENABLE_USER_SCRIPT_SANDBOXING = YES;
				GCC_C_LANGUAGE_STANDARD = gnu17;
				GCC_NO_COMMON_BLOCKS = YES;
				GCC_WARN_64_TO_32_BIT_CONVERSION = YES;
				GCC_WARN_ABOUT_RETURN_TYPE = YES_ERROR;
				GCC_WARN_UNDECLARED_SELECTOR = YES;
				GCC_WARN_UNINITIALIZED_AUTOS = YES_AGGRESSIVE;
				GCC_WARN_UNUSED_FUNCTION = YES;
				GCC_WARN_UNUSED_VARIABLE = YES;
				IPHONEOS_DEPLOYMENT_TARGET = 17.4;
				LOCALIZATION_PREFERS_STRING_CATALOGS = YES;
				MTL_ENABLE_DEBUG_INFO = NO;
				MTL_FAST_MATH = YES;
				SDKROOT = iphoneos;
				SWIFT_COMPILATION_MODE = wholemodule;
				VALIDATE_PRODUCT = YES;
			};
			name = Release;
		};
		CAAD8A232BB9E43F00096639 /* Debug */ = {
			isa = XCBuildConfiguration;
			buildSettings = {
				ASSETCATALOG_COMPILER_APPICON_NAME = AppIcon;
				ASSETCATALOG_COMPILER_GLOBAL_ACCENT_COLOR_NAME = AccentColor;
				CODE_SIGN_STYLE = Automatic;
				CURRENT_PROJECT_VERSION = 1;
				DEVELOPMENT_ASSET_PATHS = "\"GameCatalogue2/Preview Content\"";
				ENABLE_PREVIEWS = YES;
				GENERATE_INFOPLIST_FILE = YES;
				INFOPLIST_KEY_UIApplicationSceneManifest_Generation = YES;
				INFOPLIST_KEY_UIApplicationSupportsIndirectInputEvents = YES;
				INFOPLIST_KEY_UILaunchScreen_Generation = YES;
				INFOPLIST_KEY_UISupportedInterfaceOrientations_iPad = "UIInterfaceOrientationPortrait UIInterfaceOrientationPortraitUpsideDown UIInterfaceOrientationLandscapeLeft UIInterfaceOrientationLandscapeRight";
				INFOPLIST_KEY_UISupportedInterfaceOrientations_iPhone = "UIInterfaceOrientationPortrait UIInterfaceOrientationLandscapeLeft UIInterfaceOrientationLandscapeRight";
				LD_RUNPATH_SEARCH_PATHS = (
					"$(inherited)",
					"@executable_path/Frameworks",
				);
				MARKETING_VERSION = 1.0;
				PRODUCT_BUNDLE_IDENTIFIER = com.febrian.GameCatalogue2;
				PRODUCT_NAME = "$(TARGET_NAME)";
				SWIFT_EMIT_LOC_STRINGS = YES;
				SWIFT_VERSION = 5.0;
				TARGETED_DEVICE_FAMILY = "1,2";
			};
			name = Debug;
		};
		CAAD8A242BB9E43F00096639 /* Release */ = {
			isa = XCBuildConfiguration;
			buildSettings = {
				ASSETCATALOG_COMPILER_APPICON_NAME = AppIcon;
				ASSETCATALOG_COMPILER_GLOBAL_ACCENT_COLOR_NAME = AccentColor;
				CODE_SIGN_STYLE = Automatic;
				CURRENT_PROJECT_VERSION = 1;
				DEVELOPMENT_ASSET_PATHS = "\"GameCatalogue2/Preview Content\"";
				ENABLE_PREVIEWS = YES;
				GENERATE_INFOPLIST_FILE = YES;
				INFOPLIST_KEY_UIApplicationSceneManifest_Generation = YES;
				INFOPLIST_KEY_UIApplicationSupportsIndirectInputEvents = YES;
				INFOPLIST_KEY_UILaunchScreen_Generation = YES;
				INFOPLIST_KEY_UISupportedInterfaceOrientations_iPad = "UIInterfaceOrientationPortrait UIInterfaceOrientationPortraitUpsideDown UIInterfaceOrientationLandscapeLeft UIInterfaceOrientationLandscapeRight";
				INFOPLIST_KEY_UISupportedInterfaceOrientations_iPhone = "UIInterfaceOrientationPortrait UIInterfaceOrientationLandscapeLeft UIInterfaceOrientationLandscapeRight";
				LD_RUNPATH_SEARCH_PATHS = (
					"$(inherited)",
					"@executable_path/Frameworks",
				);
				MARKETING_VERSION = 1.0;
				PRODUCT_BUNDLE_IDENTIFIER = com.febrian.GameCatalogue2;
				PRODUCT_NAME = "$(TARGET_NAME)";
				SWIFT_EMIT_LOC_STRINGS = YES;
				SWIFT_VERSION = 5.0;
				TARGETED_DEVICE_FAMILY = "1,2";
			};
			name = Release;
		};
/* End XCBuildConfiguration section */

/* Begin XCConfigurationList section */
		CAAD8A0F2BB9E43D00096639 /* Build configuration list for PBXProject "GameCatalogue2" */ = {
			isa = XCConfigurationList;
			buildConfigurations = (
				CAAD8A202BB9E43F00096639 /* Debug */,
				CAAD8A212BB9E43F00096639 /* Release */,
			);
			defaultConfigurationIsVisible = 0;
			defaultConfigurationName = Release;
		};
		CAAD8A222BB9E43F00096639 /* Build configuration list for PBXNativeTarget "GameCatalogue2" */ = {
			isa = XCConfigurationList;
			buildConfigurations = (
				CAAD8A232BB9E43F00096639 /* Debug */,
				CAAD8A242BB9E43F00096639 /* Release */,
			);
			defaultConfigurationIsVisible = 0;
			defaultConfigurationName = Release;
		};
/* End XCConfigurationList section */

/* Begin XCLocalSwiftPackageReference section */
		CAA678172BC8B68500290CFC /* XCLocalSwiftPackageReference "Core" */ = {
			isa = XCLocalSwiftPackageReference;
			relativePath = Core;
		};
/* End XCLocalSwiftPackageReference section */

/* Begin XCRemoteSwiftPackageReference section */
		CA9980842BC7A429009CEECC /* XCRemoteSwiftPackageReference "realm-swift" */ = {
			isa = XCRemoteSwiftPackageReference;
			repositoryURL = "https://github.com/realm/realm-swift";
			requirement = {
				branch = master;
				kind = branch;
			};
		};
		CA9980892BC7A441009CEECC /* XCRemoteSwiftPackageReference "Alamofire" */ = {
			isa = XCRemoteSwiftPackageReference;
			repositoryURL = "https://github.com/Alamofire/Alamofire";
			requirement = {
				kind = upToNextMajorVersion;
				minimumVersion = 5.9.1;
			};
		};
/* End XCRemoteSwiftPackageReference section */

/* Begin XCSwiftPackageProductDependency section */
		CA9980852BC7A429009CEECC /* Realm */ = {
			isa = XCSwiftPackageProductDependency;
			package = CA9980842BC7A429009CEECC /* XCRemoteSwiftPackageReference "realm-swift" */;
			productName = Realm;
		};
		CA9980872BC7A429009CEECC /* RealmSwift */ = {
			isa = XCSwiftPackageProductDependency;
			package = CA9980842BC7A429009CEECC /* XCRemoteSwiftPackageReference "realm-swift" */;
			productName = RealmSwift;
		};
		CA99808A2BC7A441009CEECC /* Alamofire */ = {
			isa = XCSwiftPackageProductDependency;
			package = CA9980892BC7A441009CEECC /* XCRemoteSwiftPackageReference "Alamofire" */;
			productName = Alamofire;
		};
		CA99808C2BC7A441009CEECC /* AlamofireDynamic */ = {
			isa = XCSwiftPackageProductDependency;
			package = CA9980892BC7A441009CEECC /* XCRemoteSwiftPackageReference "Alamofire" */;
			productName = AlamofireDynamic;
		};
		CAA678182BC8B68500290CFC /* Core */ = {
			isa = XCSwiftPackageProductDependency;
			productName = Core;
		};
/* End XCSwiftPackageProductDependency section */
	};
	rootObject = CAAD8A0C2BB9E43D00096639 /* Project object */;
}
