{
  "originHash" : "15596e04187be3675312bc1ea62e950b3c9b7de3eb5f3aac2d93e9a30384d4f7",
  "pins" : [
    {
      "identity" : "alamofire",
      "kind" : "remoteSourceControl",
      "location" : "https://github.com/Alamofire/Alamofire",
      "state" : {
        "revision" : "f455c2975872ccd2d9c81594c658af65716e9b9a",
        "version" : "5.9.1"
      }
    },
    {
      "identity" : "game-core",
      "kind" : "remoteSourceControl",
      "location" : "https://github.com/FebrianDev/Game-Core.git",
      "state" : {
        "branch" : "main",
        "revision" : "e80c54c5248d3971de99dcfd835240e630ef1c4b"
      }
    },
    {
      "identity" : "realm-core",
      "kind" : "remoteSourceControl",
      "location" : "https://github.com/realm/realm-core.git",
      "state" : {
        "revision" : "374dd672af357732dccc135fecc905406fec3223",
        "version" : "14.4.1"
      }
    },
    {
      "identity" : "realm-swift",
      "kind" : "remoteSourceControl",
      "location" : "https://github.com/realm/realm-swift",
      "state" : {
        "branch" : "master",
        "revision" : "d1906cd285486e60d7d9e5bbde57c6ab9822da8e"
      }
    }
  ],
  "version" : 3
}
